{
  "originHash" : "0b3ee28867b351bf339d165ccf9fe70752b4170327cf2f4678bbf33b6e30286e",
  "pins" : [
    {
      "identity" : "swiftycrop",
      "kind" : "remoteSourceControl",
      "location" : "https://github.com/benedom/SwiftyCrop",
      "state" : {
        "branch" : "master",
        "revision" : "4d9d6a2f3d1fbe9802e1c523be3d86c52cd20660"
      }
    }
  ],
  "version" : 3
}
